
Microsoft Visual Studio Solution File, Format Version 12.00
# Visual Studio 2013
VisualStudioVersion = 12.0.40629.0
MinimumVisualStudioVersion = 10.0.40219.1
Project("{FAE04EC0-301F-11D3-BF4B-00C04F79EFBC}") = "WebApp2", "WebApp2\WebApp2.csproj", "{44D5F3D6-96F6-4C1E-B827-5EBA6AF004CA}"
EndProject
Global
	GlobalSection(SolutionConfigurationPlatforms) = preSolution
		Debug|Any CPU = Debug|Any CPU
		Release|Any CPU = Release|Any CPU
	EndGlobalSection
	GlobalSection(ProjectConfigurationPlatforms) = postSolution
		{44D5F3D6-96F6-4C1E-B827-5EBA6AF004CA}.Debug|Any CPU.ActiveCfg = Debug|Any CPU
		{44D5F3D6-96F6-4C1E-B827-5EBA6AF004CA}.Debug|Any CPU.Build.0 = Debug|Any CPU
		{44D5F3D6-96F6-4C1E-B827-5EBA6AF004CA}.Release|Any CPU.ActiveCfg = Release|Any CPU
		{44D5F3D6-96F6-4C1E-B827-5EBA6AF004CA}.Release|Any CPU.Build.0 = Release|Any CPU
	EndGlobalSection
	GlobalSection(SolutionProperties) = preSolution
		HideSolutionNode = FALSE
	EndGlobalSection
EndGlobal
